
Microsoft Visual Studio Solution File, Format Version 12.00
# Visual Studio 15
VisualStudioVersion = 15.0.27130.2003
MinimumVisualStudioVersion = 10.0.40219.1
Project("{9A19103F-16F7-4668-BE54-9A1E7A4F7556}") = "AGL.Pets", "src\AGL.Pets\AGL.Pets.csproj", "{87696BB8-21B7-4A79-B5AE-C842DB627E41}"
EndProject
Project("{9A19103F-16F7-4668-BE54-9A1E7A4F7556}") = "AGL.Pets.Core", "src\AGL.Pets.Core\AGL.Pets.Core.csproj", "{8B3EAD21-F73C-4A9A-BD0C-2F629C8E877D}"
EndProject
Project("{9A19103F-16F7-4668-BE54-9A1E7A4F7556}") = "AGL.Pets.Service", "src\AGL.Pets.Service\AGL.Pets.Service.csproj", "{EE83939B-6A4F-479F-9062-54A0AE17C32C}"
EndProject
Project("{2150E333-8FDC-42A3-9474-1A3956D46DE8}") = "Tests", "Tests", "{B0614BF0-CB4C-4CEC-8856-4B0B7CF582C5}"
EndProject
Project("{9A19103F-16F7-4668-BE54-9A1E7A4F7556}") = "AGL.Pets.Service.Tests", "tests\AGL.Pets.Service.Tests\AGL.Pets.Service.Tests.csproj", "{A0DA239B-1BF3-4BFE-ABE7-651504318733}"
EndProject
Global
	GlobalSection(SolutionConfigurationPlatforms) = preSolution
		Debug|Any CPU = Debug|Any CPU
		Release|Any CPU = Release|Any CPU
	EndGlobalSection
	GlobalSection(ProjectConfigurationPlatforms) = postSolution
		{87696BB8-21B7-4A79-B5AE-C842DB627E41}.Debug|Any CPU.ActiveCfg = Debug|Any CPU
		{87696BB8-21B7-4A79-B5AE-C842DB627E41}.Debug|Any CPU.Build.0 = Debug|Any CPU
		{87696BB8-21B7-4A79-B5AE-C842DB627E41}.Release|Any CPU.ActiveCfg = Release|Any CPU
		{87696BB8-21B7-4A79-B5AE-C842DB627E41}.Release|Any CPU.Build.0 = Release|Any CPU
		{8B3EAD21-F73C-4A9A-BD0C-2F629C8E877D}.Debug|Any CPU.ActiveCfg = Debug|Any CPU
		{8B3EAD21-F73C-4A9A-BD0C-2F629C8E877D}.Debug|Any CPU.Build.0 = Debug|Any CPU
		{8B3EAD21-F73C-4A9A-BD0C-2F629C8E877D}.Release|Any CPU.ActiveCfg = Release|Any CPU
		{8B3EAD21-F73C-4A9A-BD0C-2F629C8E877D}.Release|Any CPU.Build.0 = Release|Any CPU
		{EE83939B-6A4F-479F-9062-54A0AE17C32C}.Debug|Any CPU.ActiveCfg = Debug|Any CPU
		{EE83939B-6A4F-479F-9062-54A0AE17C32C}.Debug|Any CPU.Build.0 = Debug|Any CPU
		{EE83939B-6A4F-479F-9062-54A0AE17C32C}.Release|Any CPU.ActiveCfg = Release|Any CPU
		{EE83939B-6A4F-479F-9062-54A0AE17C32C}.Release|Any CPU.Build.0 = Release|Any CPU
		{A0DA239B-1BF3-4BFE-ABE7-651504318733}.Debug|Any CPU.ActiveCfg = Debug|Any CPU
		{A0DA239B-1BF3-4BFE-ABE7-651504318733}.Debug|Any CPU.Build.0 = Debug|Any CPU
		{A0DA239B-1BF3-4BFE-ABE7-651504318733}.Release|Any CPU.ActiveCfg = Release|Any CPU
		{A0DA239B-1BF3-4BFE-ABE7-651504318733}.Release|Any CPU.Build.0 = Release|Any CPU
	EndGlobalSection
	GlobalSection(SolutionProperties) = preSolution
		HideSolutionNode = FALSE
	EndGlobalSection
	GlobalSection(NestedProjects) = preSolution
		{A0DA239B-1BF3-4BFE-ABE7-651504318733} = {B0614BF0-CB4C-4CEC-8856-4B0B7CF582C5}
	EndGlobalSection
	GlobalSection(ExtensibilityGlobals) = postSolution
		SolutionGuid = {42A33688-D766-418D-AB97-49D6C8276B86}
	EndGlobalSection
EndGlobal
